
Microsoft Visual Studio Solution File, Format Version 12.00
# Visual Studio Version 17
VisualStudioVersion = 17.4.33110.190
MinimumVisualStudioVersion = 10.0.40219.1
Project("{FAE04EC0-301F-11D3-BF4B-00C04F79EFBC}") = "truthordrink.Android", "truthordrink\truthordrink.Android\truthordrink.Android.csproj", "{EFF254F5-1EDB-46B2-BF9F-909EAC6072AF}"
EndProject
Project("{FAE04EC0-301F-11D3-BF4B-00C04F79EFBC}") = "truthordrink.iOS", "truthordrink\truthordrink.iOS\truthordrink.iOS.csproj", "{7A9FD13D-CA2C-400A-8685-ECBC39ADC492}"
EndProject
Project("{FAE04EC0-301F-11D3-BF4B-00C04F79EFBC}") = "truthordrink", "truthordrink\truthordrink\truthordrink.csproj", "{53C28A27-6FD4-46D9-A937-A1253F55538A}"
EndProject
Global
	GlobalSection(SolutionConfigurationPlatforms) = preSolution
		Debug|Any CPU = Debug|Any CPU
		Debug|iPhone = Debug|iPhone
		Debug|iPhoneSimulator = Debug|iPhoneSimulator
		Release|Any CPU = Release|Any CPU
		Release|iPhone = Release|iPhone
		Release|iPhoneSimulator = Release|iPhoneSimulator
	EndGlobalSection
	GlobalSection(ProjectConfigurationPlatforms) = postSolution
		{EFF254F5-1EDB-46B2-BF9F-909EAC6072AF}.Debug|Any CPU.ActiveCfg = Debug|Any CPU
		{EFF254F5-1EDB-46B2-BF9F-909EAC6072AF}.Debug|Any CPU.Build.0 = Debug|Any CPU
		{EFF254F5-1EDB-46B2-BF9F-909EAC6072AF}.Debug|Any CPU.Deploy.0 = Debug|Any CPU
		{EFF254F5-1EDB-46B2-BF9F-909EAC6072AF}.Debug|iPhone.ActiveCfg = Debug|Any CPU
		{EFF254F5-1EDB-46B2-BF9F-909EAC6072AF}.Debug|iPhone.Build.0 = Debug|Any CPU
		{EFF254F5-1EDB-46B2-BF9F-909EAC6072AF}.Debug|iPhone.Deploy.0 = Debug|Any CPU
		{EFF254F5-1EDB-46B2-BF9F-909EAC6072AF}.Debug|iPhoneSimulator.ActiveCfg = Debug|Any CPU
		{EFF254F5-1EDB-46B2-BF9F-909EAC6072AF}.Debug|iPhoneSimulator.Build.0 = Debug|Any CPU
		{EFF254F5-1EDB-46B2-BF9F-909EAC6072AF}.Debug|iPhoneSimulator.Deploy.0 = Debug|Any CPU
		{EFF254F5-1EDB-46B2-BF9F-909EAC6072AF}.Release|Any CPU.ActiveCfg = Release|Any CPU
		{EFF254F5-1EDB-46B2-BF9F-909EAC6072AF}.Release|Any CPU.Build.0 = Release|Any CPU
		{EFF254F5-1EDB-46B2-BF9F-909EAC6072AF}.Release|Any CPU.Deploy.0 = Release|Any CPU
		{EFF254F5-1EDB-46B2-BF9F-909EAC6072AF}.Release|iPhone.ActiveCfg = Release|Any CPU
		{EFF254F5-1EDB-46B2-BF9F-909EAC6072AF}.Release|iPhone.Build.0 = Release|Any CPU
		{EFF254F5-1EDB-46B2-BF9F-909EAC6072AF}.Release|iPhone.Deploy.0 = Release|Any CPU
		{EFF254F5-1EDB-46B2-BF9F-909EAC6072AF}.Release|iPhoneSimulator.ActiveCfg = Release|Any CPU
		{EFF254F5-1EDB-46B2-BF9F-909EAC6072AF}.Release|iPhoneSimulator.Build.0 = Release|Any CPU
		{EFF254F5-1EDB-46B2-BF9F-909EAC6072AF}.Release|iPhoneSimulator.Deploy.0 = Release|Any CPU
		{7A9FD13D-CA2C-400A-8685-ECBC39ADC492}.Debug|Any CPU.ActiveCfg = Debug|iPhone
		{7A9FD13D-CA2C-400A-8685-ECBC39ADC492}.Debug|Any CPU.Build.0 = Debug|iPhone
		{7A9FD13D-CA2C-400A-8685-ECBC39ADC492}.Debug|Any CPU.Deploy.0 = Debug|iPhone
		{7A9FD13D-CA2C-400A-8685-ECBC39ADC492}.Debug|iPhone.ActiveCfg = Debug|iPhone
		{7A9FD13D-CA2C-400A-8685-ECBC39ADC492}.Debug|iPhone.Build.0 = Debug|iPhone
		{7A9FD13D-CA2C-400A-8685-ECBC39ADC492}.Debug|iPhone.Deploy.0 = Debug|iPhone
		{7A9FD13D-CA2C-400A-8685-ECBC39ADC492}.Debug|iPhoneSimulator.ActiveCfg = Debug|iPhoneSimulator
		{7A9FD13D-CA2C-400A-8685-ECBC39ADC492}.Debug|iPhoneSimulator.Build.0 = Debug|iPhoneSimulator
		{7A9FD13D-CA2C-400A-8685-ECBC39ADC492}.Debug|iPhoneSimulator.Deploy.0 = Debug|iPhoneSimulator
		{7A9FD13D-CA2C-400A-8685-ECBC39ADC492}.Release|Any CPU.ActiveCfg = Release|iPhoneSimulator
		{7A9FD13D-CA2C-400A-8685-ECBC39ADC492}.Release|Any CPU.Build.0 = Release|iPhoneSimulator
		{7A9FD13D-CA2C-400A-8685-ECBC39ADC492}.Release|Any CPU.Deploy.0 = Release|iPhoneSimulator
		{7A9FD13D-CA2C-400A-8685-ECBC39ADC492}.Release|iPhone.ActiveCfg = Release|iPhone
		{7A9FD13D-CA2C-400A-8685-ECBC39ADC492}.Release|iPhone.Build.0 = Release|iPhone
		{7A9FD13D-CA2C-400A-8685-ECBC39ADC492}.Release|iPhone.Deploy.0 = Release|iPhone
		{7A9FD13D-CA2C-400A-8685-ECBC39ADC492}.Release|iPhoneSimulator.ActiveCfg = Release|iPhoneSimulator
		{7A9FD13D-CA2C-400A-8685-ECBC39ADC492}.Release|iPhoneSimulator.Build.0 = Release|iPhoneSimulator
		{7A9FD13D-CA2C-400A-8685-ECBC39ADC492}.Release|iPhoneSimulator.Deploy.0 = Release|iPhoneSimulator
		{53C28A27-6FD4-46D9-A937-A1253F55538A}.Debug|Any CPU.ActiveCfg = Debug|Any CPU
		{53C28A27-6FD4-46D9-A937-A1253F55538A}.Debug|Any CPU.Build.0 = Debug|Any CPU
		{53C28A27-6FD4-46D9-A937-A1253F55538A}.Debug|Any CPU.Deploy.0 = Debug|Any CPU
		{53C28A27-6FD4-46D9-A937-A1253F55538A}.Debug|iPhone.ActiveCfg = Debug|Any CPU
		{53C28A27-6FD4-46D9-A937-A1253F55538A}.Debug|iPhone.Build.0 = Debug|Any CPU
		{53C28A27-6FD4-46D9-A937-A1253F55538A}.Debug|iPhone.Deploy.0 = Debug|Any CPU
		{53C28A27-6FD4-46D9-A937-A1253F55538A}.Debug|iPhoneSimulator.ActiveCfg = Debug|Any CPU
		{53C28A27-6FD4-46D9-A937-A1253F55538A}.Debug|iPhoneSimulator.Build.0 = Debug|Any CPU
		{53C28A27-6FD4-46D9-A937-A1253F55538A}.Debug|iPhoneSimulator.Deploy.0 = Debug|Any CPU
		{53C28A27-6FD4-46D9-A937-A1253F55538A}.Release|Any CPU.ActiveCfg = Release|Any CPU
		{53C28A27-6FD4-46D9-A937-A1253F55538A}.Release|Any CPU.Build.0 = Release|Any CPU
		{53C28A27-6FD4-46D9-A937-A1253F55538A}.Release|Any CPU.Deploy.0 = Release|Any CPU
		{53C28A27-6FD4-46D9-A937-A1253F55538A}.Release|iPhone.ActiveCfg = Release|Any CPU
		{53C28A27-6FD4-46D9-A937-A1253F55538A}.Release|iPhone.Build.0 = Release|Any CPU
		{53C28A27-6FD4-46D9-A937-A1253F55538A}.Release|iPhone.Deploy.0 = Release|Any CPU
		{53C28A27-6FD4-46D9-A937-A1253F55538A}.Release|iPhoneSimulator.ActiveCfg = Release|Any CPU
		{53C28A27-6FD4-46D9-A937-A1253F55538A}.Release|iPhoneSimulator.Build.0 = Release|Any CPU
		{53C28A27-6FD4-46D9-A937-A1253F55538A}.Release|iPhoneSimulator.Deploy.0 = Release|Any CPU
	EndGlobalSection
	GlobalSection(SolutionProperties) = preSolution
		HideSolutionNode = FALSE
	EndGlobalSection
	GlobalSection(ExtensibilityGlobals) = postSolution
		SolutionGuid = {8D80173E-5063-420D-ABF5-8432FDD0A5F1}
	EndGlobalSection
EndGlobal
